
Microsoft Visual Studio Solution File, Format Version 12.00
# Visual Studio Version 16
VisualStudioVersion = 16.0.30804.86
MinimumVisualStudioVersion = 10.0.40219.1
Project("{FAE04EC0-301F-11D3-BF4B-00C04F79EFBC}") = "ControsoCrafts.Website", "ControsoCrafts.Website\ControsoCrafts.Website.csproj", "{6B902B17-2B0B-48ED-9392-1B6500629A34}"
EndProject
Global
	GlobalSection(SolutionConfigurationPlatforms) = preSolution
		Debug|Any CPU = Debug|Any CPU
		Release|Any CPU = Release|Any CPU
	EndGlobalSection
	GlobalSection(ProjectConfigurationPlatforms) = postSolution
		{6B902B17-2B0B-48ED-9392-1B6500629A34}.Debug|Any CPU.ActiveCfg = Debug|Any CPU
		{6B902B17-2B0B-48ED-9392-1B6500629A34}.Debug|Any CPU.Build.0 = Debug|Any CPU
		{6B902B17-2B0B-48ED-9392-1B6500629A34}.Release|Any CPU.ActiveCfg = Release|Any CPU
		{6B902B17-2B0B-48ED-9392-1B6500629A34}.Release|Any CPU.Build.0 = Release|Any CPU
	EndGlobalSection
	GlobalSection(SolutionProperties) = preSolution
		HideSolutionNode = FALSE
	EndGlobalSection
	GlobalSection(ExtensibilityGlobals) = postSolution
		SolutionGuid = {F3DFA2EA-7E71-4AE5-B870-D2F3FD5D1F65}
	EndGlobalSection
EndGlobal
